
Microsoft Visual Studio Solution File, Format Version 12.00
# Visual Studio 15
VisualStudioVersion = 15.0.28307.757
MinimumVisualStudioVersion = 10.0.40219.1
Project("{FAE04EC0-301F-11D3-BF4B-00C04F79EFBC}") = "SF.Core", "SF.Core\SF.Core.csproj", "{5DB1620B-57B8-4D94-9773-9CC8F761A0C9}"
EndProject
Project("{FAE04EC0-301F-11D3-BF4B-00C04F79EFBC}") = "SF.DAL", "SF.DAL\SF.DAL.csproj", "{E95D2643-3CEB-45D2-92C8-348319B89F93}"
EndProject
Project("{FAE04EC0-301F-11D3-BF4B-00C04F79EFBC}") = "SF.Model", "SF.Model\SF.Model.csproj", "{BE4851B0-3D02-48D4-A0CF-FC0A9E0A6450}"
EndProject
Project("{FAE04EC0-301F-11D3-BF4B-00C04F79EFBC}") = "SF.Service", "SF.Service\SF.Service.csproj", "{F4F34B38-EB9B-4BE3-8E27-CC54635DABC7}"
EndProject
Project("{FAE04EC0-301F-11D3-BF4B-00C04F79EFBC}") = "SF.Web", "SF.Web\SF.Web.csproj", "{3CEE9AD2-30A6-4A4A-ACE2-ECDF3399DC43}"
EndProject
Project("{FAE04EC0-301F-11D3-BF4B-00C04F79EFBC}") = "SF.WebAPI", "SF.WebAPI\SF.WebAPI.csproj", "{725D94B2-12BC-4F2D-82A7-B680728AE7CE}"
EndProject
Global
	GlobalSection(SolutionConfigurationPlatforms) = preSolution
		Debug|Any CPU = Debug|Any CPU
		Release|Any CPU = Release|Any CPU
	EndGlobalSection
	GlobalSection(ProjectConfigurationPlatforms) = postSolution
		{5DB1620B-57B8-4D94-9773-9CC8F761A0C9}.Debug|Any CPU.ActiveCfg = Debug|Any CPU
		{5DB1620B-57B8-4D94-9773-9CC8F761A0C9}.Debug|Any CPU.Build.0 = Debug|Any CPU
		{5DB1620B-57B8-4D94-9773-9CC8F761A0C9}.Release|Any CPU.ActiveCfg = Release|Any CPU
		{5DB1620B-57B8-4D94-9773-9CC8F761A0C9}.Release|Any CPU.Build.0 = Release|Any CPU
		{E95D2643-3CEB-45D2-92C8-348319B89F93}.Debug|Any CPU.ActiveCfg = Debug|Any CPU
		{E95D2643-3CEB-45D2-92C8-348319B89F93}.Debug|Any CPU.Build.0 = Debug|Any CPU
		{E95D2643-3CEB-45D2-92C8-348319B89F93}.Release|Any CPU.ActiveCfg = Release|Any CPU
		{E95D2643-3CEB-45D2-92C8-348319B89F93}.Release|Any CPU.Build.0 = Release|Any CPU
		{BE4851B0-3D02-48D4-A0CF-FC0A9E0A6450}.Debug|Any CPU.ActiveCfg = Debug|Any CPU
		{BE4851B0-3D02-48D4-A0CF-FC0A9E0A6450}.Debug|Any CPU.Build.0 = Debug|Any CPU
		{BE4851B0-3D02-48D4-A0CF-FC0A9E0A6450}.Release|Any CPU.ActiveCfg = Release|Any CPU
		{BE4851B0-3D02-48D4-A0CF-FC0A9E0A6450}.Release|Any CPU.Build.0 = Release|Any CPU
		{F4F34B38-EB9B-4BE3-8E27-CC54635DABC7}.Debug|Any CPU.ActiveCfg = Debug|Any CPU
		{F4F34B38-EB9B-4BE3-8E27-CC54635DABC7}.Debug|Any CPU.Build.0 = Debug|Any CPU
		{F4F34B38-EB9B-4BE3-8E27-CC54635DABC7}.Release|Any CPU.ActiveCfg = Release|Any CPU
		{F4F34B38-EB9B-4BE3-8E27-CC54635DABC7}.Release|Any CPU.Build.0 = Release|Any CPU
		{3CEE9AD2-30A6-4A4A-ACE2-ECDF3399DC43}.Debug|Any CPU.ActiveCfg = Debug|Any CPU
		{3CEE9AD2-30A6-4A4A-ACE2-ECDF3399DC43}.Debug|Any CPU.Build.0 = Debug|Any CPU
		{3CEE9AD2-30A6-4A4A-ACE2-ECDF3399DC43}.Release|Any CPU.ActiveCfg = Release|Any CPU
		{3CEE9AD2-30A6-4A4A-ACE2-ECDF3399DC43}.Release|Any CPU.Build.0 = Release|Any CPU
		{725D94B2-12BC-4F2D-82A7-B680728AE7CE}.Debug|Any CPU.ActiveCfg = Debug|Any CPU
		{725D94B2-12BC-4F2D-82A7-B680728AE7CE}.Debug|Any CPU.Build.0 = Debug|Any CPU
		{725D94B2-12BC-4F2D-82A7-B680728AE7CE}.Release|Any CPU.ActiveCfg = Release|Any CPU
		{725D94B2-12BC-4F2D-82A7-B680728AE7CE}.Release|Any CPU.Build.0 = Release|Any CPU
	EndGlobalSection
	GlobalSection(SolutionProperties) = preSolution
		HideSolutionNode = FALSE
	EndGlobalSection
	GlobalSection(ExtensibilityGlobals) = postSolution
		SolutionGuid = {C8FB5CD0-C6A1-4A35-8484-2F4C313C934D}
	EndGlobalSection
EndGlobal
